
Microsoft Visual Studio Solution File, Format Version 12.00
# Visual Studio Version 16
VisualStudioVersion = 16.0.31424.327
MinimumVisualStudioVersion = 10.0.40219.1
Project("{FAE04EC0-301F-11D3-BF4B-00C04F79EFBC}") = "CreateTableByLeetCode", "CreateTableByLeetCode.csproj", "{93C189A1-6170-4D50-9BE8-0E699B46B851}"
EndProject
Global
	GlobalSection(SolutionConfigurationPlatforms) = preSolution
		Debug|Any CPU = Debug|Any CPU
		Release|Any CPU = Release|Any CPU
	EndGlobalSection
	GlobalSection(ProjectConfigurationPlatforms) = postSolution
		{93C189A1-6170-4D50-9BE8-0E699B46B851}.Debug|Any CPU.ActiveCfg = Debug|Any CPU
		{93C189A1-6170-4D50-9BE8-0E699B46B851}.Debug|Any CPU.Build.0 = Debug|Any CPU
		{93C189A1-6170-4D50-9BE8-0E699B46B851}.Release|Any CPU.ActiveCfg = Release|Any CPU
		{93C189A1-6170-4D50-9BE8-0E699B46B851}.Release|Any CPU.Build.0 = Release|Any CPU
	EndGlobalSection
	GlobalSection(SolutionProperties) = preSolution
		HideSolutionNode = FALSE
	EndGlobalSection
	GlobalSection(ExtensibilityGlobals) = postSolution
		SolutionGuid = {5908705B-8ACB-4683-A1E2-BE7C49AEC345}
	EndGlobalSection
EndGlobal
